// !$*UTF8*$!
{
	archiveVersion = 1;
	classes = {
	};
	objectVersion = 46;
	objects = {

/* Begin PBXBuildFile section */
		7F9904381DC711970007B681 /* AppDelegate.swift in Sources */ = {isa = PBXBuildFile; fileRef = 7F9904371DC711970007B681 /* AppDelegate.swift */; };
		7F99043A1DC711970007B681 /* ViewController.swift in Sources */ = {isa = PBXBuildFile; fileRef = 7F9904391DC711970007B681 /* ViewController.swift */; };
		7F99043D1DC711970007B681 /* Main.storyboard in Resources */ = {isa = PBXBuildFile; fileRef = 7F99043B1DC711970007B681 /* Main.storyboard */; };
		7F99043F1DC711970007B681 /* Assets.xcassets in Resources */ = {isa = PBXBuildFile; fileRef = 7F99043E1DC711970007B681 /* Assets.xcassets */; };
		7F9904421DC711970007B681 /* LaunchScreen.storyboard in Resources */ = {isa = PBXBuildFile; fileRef = 7F9904401DC711970007B681 /* LaunchScreen.storyboard */; };
/* End PBXBuildFile section */

/* Begin PBXFileReference section */
		7F9904341DC711970007B681 /* redcircle.app */ = {isa = PBXFileReference; explicitFileType = wrapper.application; includeInIndex = 0; path = redcircle.app; sourceTree = BUILT_PRODUCTS_DIR; };
		7F9904371DC711970007B681 /* AppDelegate.swift */ = {isa = PBXFileReference; lastKnownFileType = sourcecode.swift; path = AppDelegate.swift; sourceTree = "<group>"; };
		7F9904391DC711970007B681 /* ViewController.swift */ = {isa = PBXFileReference; lastKnownFileType = sourcecode.swift; path = ViewController.swift; sourceTree = "<group>"; };
		7F99043C1DC711970007B681 /* Base */ = {isa = PBXFileReference; lastKnownFileType = file.storyboard; name = Base; path = Base.lproj/Main.storyboard; sourceTree = "<group>"; };
		7F99043E1DC711970007B681 /* Assets.xcassets */ = {isa = PBXFileReference; lastKnownFileType = folder.assetcatalog; path = Assets.xcassets; sourceTree = "<group>"; };
		7F9904411DC711970007B681 /* Base */ = {isa = PBXFileReference; lastKnownFileType = file.storyboard; name = Base; path = Base.lproj/LaunchScreen.storyboard; sourceTree = "<group>"; };
		7F9904431DC711970007B681 /* Info.plist */ = {isa = PBXFileReference; lastKnownFileType = text.plist.xml; path = Info.plist; sourceTree = "<group>"; };
/* End PBXFileReference section */

/* Begin PBXFrameworksBuildPhase section */
		7F9904311DC711970007B681 /* Frameworks */ = {
			isa = PBXFrameworksBuildPhase;
			buildActionMask = 2147483647;
			files = (
			);
			runOnlyForDeploymentPostprocessing = 0;
		};
/* End PBXFrameworksBuildPhase section */

/* Begin PBXGroup section */
		7F99042B1DC711970007B681 = {
			isa = PBXGroup;
			children = (
				7F9904361DC711970007B681 /* redcircle */,
				7F9904351DC711970007B681 /* Products */,
			);
			sourceTree = "<group>";
		};
		7F9904351DC711970007B681 /* Products */ = {
			isa = PBXGroup;
			children = (
				7F9904341DC711970007B681 /* redcircle.app */,
			);
			name = Products;
			sourceTree = "<group>";
		};
		7F9904361DC711970007B681 /* redcircle */ = {
			isa = PBXGroup;
			children = (
				7F9904371DC711970007B681 /* AppDelegate.swift */,
				7F9904391DC711970007B681 /* ViewController.swift */,
				7F99043B1DC711970007B681 /* Main.storyboard */,
				7F99043E1DC711970007B681 /* Assets.xcassets */,
				7F9904401DC711970007B681 /* LaunchScreen.storyboard */,
				7F9904431DC711970007B681 /* Info.plist */,
			);
			path = redcircle;
			sourceTree = "<group>";
		};
/* End PBXGroup section */

/* Begin PBXNativeTarget section */
		7F9904331DC711970007B681 /* redcircle */ = {
			isa = PBXNativeTarget;
			buildConfigurationList = 7F9904461DC711970007B681 /* Build configuration list for PBXNativeTarget "redcircle" */;
			buildPhases = (
				7F9904301DC711970007B681 /* Sources */,
				7F9904311DC711970007B681 /* Frameworks */,
				7F9904321DC711970007B681 /* Resources */,
			);
			buildRules = (
			);
			dependencies = (
			);
			name = redcircle;
			productName = redcircle;
			productReference = 7F9904341DC711970007B681 /* redcircle.app */;
			productType = "com.apple.product-type.application";
		};
/* End PBXNativeTarget section */

/* Begin PBXProject section */
		7F99042C1DC711970007B681 /* Project object */ = {
			isa = PBXProject;
			attributes = {
				LastSwiftUpdateCheck = 0800;
				LastUpgradeCheck = 0800;
				ORGANIZATIONNAME = zhan;
				TargetAttributes = {
					7F9904331DC711970007B681 = {
						CreatedOnToolsVersion = 8.0;
						DevelopmentTeam = 8EPAQYR3M5;
						ProvisioningStyle = Automatic;
					};
				};
			};
			buildConfigurationList = 7F99042F1DC711970007B681 /* Build configuration list for PBXProject "redcircle" */;
			compatibilityVersion = "Xcode 3.2";
			developmentRegion = English;
			hasScannedForEncodings = 0;
			knownRegions = (
				en,
				Base,
			);
			mainGroup = 7F99042B1DC711970007B681;
			productRefGroup = 7F9904351DC711970007B681 /* Products */;
			projectDirPath = "";
			projectRoot = "";
			targets = (
				7F9904331DC711970007B681 /* redcircle */,
			);
		};
/* End PBXProject section */

/* Begin PBXResourcesBuildPhase section */
		7F9904321DC711970007B681 /* Resources */ = {
			isa = PBXResourcesBuildPhase;
			buildActionMask = 2147483647;
			files = (
				7F9904421DC711970007B681 /* LaunchScreen.storyboard in Resources */,
				7F99043F1DC711970007B681 /* Assets.xcassets in Resources */,
				7F99043D1DC711970007B681 /* Main.storyboard in Resources */,
			);
			runOnlyForDeploymentPostprocessing = 0;
		};
/* End PBXResourcesBuildPhase section */

/* Begin PBXSourcesBuildPhase section */
		7F9904301DC711970007B681 /* Sources */ = {
			isa = PBXSourcesBuildPhase;
			buildActionMask = 2147483647;
			files = (
				7F99043A1DC711970007B681 /* ViewController.swift in Sources */,
				7F9904381DC711970007B681 /* AppDelegate.swift in Sources */,
			);
			runOnlyForDeploymentPostprocessing = 0;
		};
/* End PBXSourcesBuildPhase section */

/* Begin PBXVariantGroup section */
		7F99043B1DC711970007B681 /* Main.storyboard */ = {
			isa = PBXVariantGroup;
			children = (
				7F99043C1DC711970007B681 /* Base */,
			);
			name = Main.storyboard;
			sourceTree = "<group>";
		};
		7F9904401DC711970007B681 /* LaunchScreen.storyboard */ = {
			isa = PBXVariantGroup;
			children = (
				7F9904411DC711970007B681 /* Base */,
			);
			name = LaunchScreen.storyboard;
			sourceTree = "<group>";
		};
/* End PBXVariantGroup section */

/* Begin XCBuildConfiguration section */
		7F9904441DC711970007B681 /* Debug */ = {
			isa = XCBuildConfiguration;
			buildSettings = {
				ALWAYS_SEARCH_USER_PATHS = NO;
				CLANG_ANALYZER_NONNULL = YES;
				CLANG_CXX_LANGUAGE_STANDARD = "gnu++0x";
				CLANG_CXX_LIBRARY = "libc++";
				CLANG_ENABLE_MODULES = YES;
				CLANG_ENABLE_OBJC_ARC = YES;
				CLANG_WARN_BOOL_CONVERSION = YES;
				CLANG_WARN_CONSTANT_CONVERSION = YES;
				CLANG_WARN_DIRECT_OBJC_ISA_USAGE = YES_ERROR;
				CLANG_WARN_DOCUMENTATION_COMMENTS = YES;
				CLANG_WARN_EMPTY_BODY = YES;
				CLANG_WARN_ENUM_CONVERSION = YES;
				CLANG_WARN_INFINITE_RECURSION = YES;
				CLANG_WARN_INT_CONVERSION = YES;
				CLANG_WARN_OBJC_ROOT_CLASS = YES_ERROR;
				CLANG_WARN_SUSPICIOUS_MOVES = YES;
				CLANG_WARN_UNREACHABLE_CODE = YES;
				CLANG_WARN__DUPLICATE_METHOD_MATCH = YES;
				"CODE_SIGN_IDENTITY[sdk=iphoneos*]" = "iPhone Developer";
				COPY_PHASE_STRIP = NO;
				DEBUG_INFORMATION_FORMAT = dwarf;
				ENABLE_STRICT_OBJC_MSGSEND = YES;
				ENABLE_TESTABILITY = YES;
				GCC_C_LANGUAGE_STANDARD = gnu99;
				GCC_DYNAMIC_NO_PIC = NO;
				GCC_NO_COMMON_BLOCKS = YES;
				GCC_OPTIMIZATION_LEVEL = 0;
				GCC_PREPROCESSOR_DEFINITIONS = (
					"DEBUG=1",
					"$(inherited)",
				);
				GCC_WARN_64_TO_32_BIT_CONVERSION = YES;
				GCC_WARN_ABOUT_RETURN_TYPE = YES_ERROR;
				GCC_WARN_UNDECLARED_SELECTOR = YES;
				GCC_WARN_UNINITIALIZED_AUTOS = YES_AGGRESSIVE;
				GCC_WARN_UNUSED_FUNCTION = YES;
				GCC_WARN_UNUSED_VARIABLE = YES;
				IPHONEOS_DEPLOYMENT_TARGET = 10.0;
				MTL_ENABLE_DEBUG_INFO = YES;
				ONLY_ACTIVE_ARCH = YES;
				SDKROOT = iphoneos;
				SWIFT_ACTIVE_COMPILATION_CONDITIONS = DEBUG;
				SWIFT_OPTIMIZATION_LEVEL = "-Onone";
				TARGETED_DEVICE_FAMILY = "1,2";
			};
			name = Debug;
		};
		7F9904451DC711970007B681 /* Release */ = {
			isa = XCBuildConfiguration;
			buildSettings = {
				ALWAYS_SEARCH_USER_PATHS = NO;
				CLANG_ANALYZER_NONNULL = YES;
				CLANG_CXX_LANGUAGE_STANDARD = "gnu++0x";
				CLANG_CXX_LIBRARY = "libc++";
				CLANG_ENABLE_MODULES = YES;
				CLANG_ENABLE_OBJC_ARC = YES;
				CLANG_WARN_BOOL_CONVERSION = YES;
				CLANG_WARN_CONSTANT_CONVERSION = YES;
				CLANG_WARN_DIRECT_OBJC_ISA_USAGE = YES_ERROR;
				CLANG_WARN_DOCUMENTATION_COMMENTS = YES;
				CLANG_WARN_EMPTY_BODY = YES;
				CLANG_WARN_ENUM_CONVERSION = YES;
				CLANG_WARN_INFINITE_RECURSION = YES;
				CLANG_WARN_INT_CONVERSION = YES;
				CLANG_WARN_OBJC_ROOT_CLASS = YES_ERROR;
				CLANG_WARN_SUSPICIOUS_MOVES = YES;
				CLANG_WARN_UNREACHABLE_CODE = YES;
				CLANG_WARN__DUPLICATE_METHOD_MATCH = YES;
				"CODE_SIGN_IDENTITY[sdk=iphoneos*]" = "iPhone Developer";
				COPY_PHASE_STRIP = NO;
				DEBUG_INFORMATION_FORMAT = "dwarf-with-dsym";
				ENABLE_NS_ASSERTIONS = NO;
				ENABLE_STRICT_OBJC_MSGSEND = YES;
				GCC_C_LANGUAGE_STANDARD = gnu99;
				GCC_NO_COMMON_BLOCKS = YES;
				GCC_WARN_64_TO_32_BIT_CONVERSION = YES;
				GCC_WARN_ABOUT_RETURN_TYPE = YES_ERROR;
				GCC_WARN_UNDECLARED_SELECTOR = YES;
				GCC_WARN_UNINITIALIZED_AUTOS = YES_AGGRESSIVE;
				GCC_WARN_UNUSED_FUNCTION = YES;
				GCC_WARN_UNUSED_VARIABLE = YES;
				IPHONEOS_DEPLOYMENT_TARGET = 10.0;
				MTL_ENABLE_DEBUG_INFO = NO;
				SDKROOT = iphoneos;
				SWIFT_OPTIMIZATION_LEVEL = "-Owholemodule";
				TARGETED_DEVICE_FAMILY = "1,2";
				VALIDATE_PRODUCT = YES;
			};
			name = Release;
		};
		7F9904471DC711970007B681 /* Debug */ = {
			isa = XCBuildConfiguration;
			buildSettings = {
				ASSETCATALOG_COMPILER_APPICON_NAME = AppIcon;
				DEVELOPMENT_TEAM = 8EPAQYR3M5;
				INFOPLIST_FILE = redcircle/Info.plist;
				LD_RUNPATH_SEARCH_PATHS = "$(inherited) @executable_path/Frameworks";
				PRODUCT_BUNDLE_IDENTIFIER = com.cloud.redcircle;
				PRODUCT_NAME = "$(TARGET_NAME)";
				SWIFT_VERSION = 3.0;
			};
			name = Debug;
		};
		7F9904481DC711970007B681 /* Release */ = {
			isa = XCBuildConfiguration;
			buildSettings = {
				ASSETCATALOG_COMPILER_APPICON_NAME = AppIcon;
				DEVELOPMENT_TEAM = 8EPAQYR3M5;
				INFOPLIST_FILE = redcircle/Info.plist;
				LD_RUNPATH_SEARCH_PATHS = "$(inherited) @executable_path/Frameworks";
				PRODUCT_BUNDLE_IDENTIFIER = com.cloud.redcircle;
				PRODUCT_NAME = "$(TARGET_NAME)";
				SWIFT_VERSION = 3.0;
			};
			name = Release;
		};
/* End XCBuildConfiguration section */

/* Begin XCConfigurationList section */
		7F99042F1DC711970007B681 /* Build configuration list for PBXProject "redcircle" */ = {
			isa = XCConfigurationList;
			buildConfigurations = (
				7F9904441DC711970007B681 /* Debug */,
				7F9904451DC711970007B681 /* Release */,
			);
			defaultConfigurationIsVisible = 0;
			defaultConfigurationName = Release;
		};
		7F9904461DC711970007B681 /* Build configuration list for PBXNativeTarget "redcircle" */ = {
			isa = XCConfigurationList;
			buildConfigurations = (
				7F9904471DC711970007B681 /* Debug */,
				7F9904481DC711970007B681 /* Release */,
			);
			defaultConfigurationIsVisible = 0;
		};
/* End XCConfigurationList section */
	};
	rootObject = 7F99042C1DC711970007B681 /* Project object */;
}
