// !$*UTF8*$!
{
	archiveVersion = 1;
	classes = {
	};
	objectVersion = 46;
	objects = {

/* Begin PBXBuildFile section */
		7ACECE499E9D34B970D1D3B0 /* Pods_redcircle.framework in Frameworks */ = {isa = PBXBuildFile; fileRef = 45AEEB2A166B33778D4E1836 /* Pods_redcircle.framework */; };
		7F44E2471DC9CBB300D2313C /* BookTableViewCell.swift in Sources */ = {isa = PBXBuildFile; fileRef = 7F44E2461DC9CBB300D2313C /* BookTableViewCell.swift */; };
		7F47EBD41DF6BAD300964E3D /* AddFriendController.swift in Sources */ = {isa = PBXBuildFile; fileRef = 7F47EBD31DF6BAD300964E3D /* AddFriendController.swift */; };
		7F7387511DEFBD4D00A52BFD /* ModifyController.swift in Sources */ = {isa = PBXBuildFile; fileRef = 7F7387501DEFBD4D00A52BFD /* ModifyController.swift */; };
		7F7499F61DE6D35100A9BEC5 /* SYKeyboardTextField.swift in Sources */ = {isa = PBXBuildFile; fileRef = 7F7499F51DE6D35100A9BEC5 /* SYKeyboardTextField.swift */; };
		7F88B5721DED0A610042D5B5 /* AddArticleController.swift in Sources */ = {isa = PBXBuildFile; fileRef = 7F88B5711DED0A610042D5B5 /* AddArticleController.swift */; };
		7F88B5741DED3EFF0042D5B5 /* UtilManager.swift in Sources */ = {isa = PBXBuildFile; fileRef = 7F88B5731DED3EFF0042D5B5 /* UtilManager.swift */; };
		7F88B5761DED5BCB0042D5B5 /* BaseViewController.swift in Sources */ = {isa = PBXBuildFile; fileRef = 7F88B5751DED5BCB0042D5B5 /* BaseViewController.swift */; };
		7F8CD1131DDD54CF008B3CD0 /* ChatController.swift in Sources */ = {isa = PBXBuildFile; fileRef = 7F8CD1121DDD54CF008B3CD0 /* ChatController.swift */; };
		7F9904381DC711970007B681 /* AppDelegate.swift in Sources */ = {isa = PBXBuildFile; fileRef = 7F9904371DC711970007B681 /* AppDelegate.swift */; };
		7F99043A1DC711970007B681 /* ViewController.swift in Sources */ = {isa = PBXBuildFile; fileRef = 7F9904391DC711970007B681 /* ViewController.swift */; };
		7F99043D1DC711970007B681 /* Main.storyboard in Resources */ = {isa = PBXBuildFile; fileRef = 7F99043B1DC711970007B681 /* Main.storyboard */; };
		7F99043F1DC711970007B681 /* Assets.xcassets in Resources */ = {isa = PBXBuildFile; fileRef = 7F99043E1DC711970007B681 /* Assets.xcassets */; };
		7F9904421DC711970007B681 /* LaunchScreen.storyboard in Resources */ = {isa = PBXBuildFile; fileRef = 7F9904401DC711970007B681 /* LaunchScreen.storyboard */; };
		7F99044A1DC716EF0007B681 /* LoginController.swift in Sources */ = {isa = PBXBuildFile; fileRef = 7F9904491DC716EF0007B681 /* LoginController.swift */; };
		7F9B01921DC82FF3000FB5F8 /* HomeController.swift in Sources */ = {isa = PBXBuildFile; fileRef = 7F9B01911DC82FF3000FB5F8 /* HomeController.swift */; };
		7F9B01941DC83C9D000FB5F8 /* MeController.swift in Sources */ = {isa = PBXBuildFile; fileRef = 7F9B01931DC83C9D000FB5F8 /* MeController.swift */; };
		7F9B01961DC83D60000FB5F8 /* BookController.swift in Sources */ = {isa = PBXBuildFile; fileRef = 7F9B01951DC83D60000FB5F8 /* BookController.swift */; };
		7F9B01981DC83DFB000FB5F8 /* MessageController.swift in Sources */ = {isa = PBXBuildFile; fileRef = 7F9B01971DC83DFB000FB5F8 /* MessageController.swift */; };
		7F9B019A1DC8420E000FB5F8 /* CellModel.swift in Sources */ = {isa = PBXBuildFile; fileRef = 7F9B01991DC8420E000FB5F8 /* CellModel.swift */; };
		7F9B019C1DC863A9000FB5F8 /* WebViewController.swift in Sources */ = {isa = PBXBuildFile; fileRef = 7F9B019B1DC863A9000FB5F8 /* WebViewController.swift */; };
		7F9B019E1DC86705000FB5F8 /* RegisterController.swift in Sources */ = {isa = PBXBuildFile; fileRef = 7F9B019D1DC86705000FB5F8 /* RegisterController.swift */; };
		7F9B01A01DC871AD000FB5F8 /* FriendController.swift in Sources */ = {isa = PBXBuildFile; fileRef = 7F9B019F1DC871AD000FB5F8 /* FriendController.swift */; };
		7FA230421DE53DE10060EE93 /* MeCircleController.swift in Sources */ = {isa = PBXBuildFile; fileRef = 7FA230411DE53DE10060EE93 /* MeCircleController.swift */; };
		7FA230441DE53FD70060EE93 /* ArticleTableViewCell.swift in Sources */ = {isa = PBXBuildFile; fileRef = 7FA230431DE53FD70060EE93 /* ArticleTableViewCell.swift */; };
		7FACCC001DF7A94600EB4998 /* UserNotifications.framework in Frameworks */ = {isa = PBXBuildFile; fileRef = 7FACCBFF1DF7A94600EB4998 /* UserNotifications.framework */; };
		7FCE42041DD1BA9000677CE9 /* UserDetailController.swift in Sources */ = {isa = PBXBuildFile; fileRef = 7FCE42031DD1BA9000677CE9 /* UserDetailController.swift */; };
		7FCE42061DD1BBB500677CE9 /* ModifyRelationController.swift in Sources */ = {isa = PBXBuildFile; fileRef = 7FCE42051DD1BBB500677CE9 /* ModifyRelationController.swift */; };
/* End PBXBuildFile section */

/* Begin PBXFileReference section */
		45AEEB2A166B33778D4E1836 /* Pods_redcircle.framework */ = {isa = PBXFileReference; explicitFileType = wrapper.framework; includeInIndex = 0; path = Pods_redcircle.framework; sourceTree = BUILT_PRODUCTS_DIR; };
		7A0F069C3D86662175E61EEB /* Pods-redcircle.release.xcconfig */ = {isa = PBXFileReference; includeInIndex = 1; lastKnownFileType = text.xcconfig; name = "Pods-redcircle.release.xcconfig"; path = "Pods/Target Support Files/Pods-redcircle/Pods-redcircle.release.xcconfig"; sourceTree = "<group>"; };
		7F2164001DF90846006A4D83 /* 红圈开发证书.p12 */ = {isa = PBXFileReference; lastKnownFileType = file; path = "红圈开发证书.p12"; sourceTree = "<group>"; };
		7F2164011DF9088C006A4D83 /* 红圈生产证书.p12 */ = {isa = PBXFileReference; lastKnownFileType = file; path = "红圈生产证书.p12"; sourceTree = "<group>"; };
		7F2164021DF90894006A4D83 /* 红圈生产推送证书.p12 */ = {isa = PBXFileReference; lastKnownFileType = file; path = "红圈生产推送证书.p12"; sourceTree = "<group>"; };
		7F2164031DF90899006A4D83 /* 红圈开发推送证书.p12 */ = {isa = PBXFileReference; lastKnownFileType = file; path = "红圈开发推送证书.p12"; sourceTree = "<group>"; };
		7F2164041DF908B3006A4D83 /* readme.strings */ = {isa = PBXFileReference; lastKnownFileType = text.plist.strings; path = readme.strings; sourceTree = "<group>"; };
		7F44E2461DC9CBB300D2313C /* BookTableViewCell.swift */ = {isa = PBXFileReference; fileEncoding = 4; lastKnownFileType = sourcecode.swift; path = BookTableViewCell.swift; sourceTree = "<group>"; };
		7F47EBD31DF6BAD300964E3D /* AddFriendController.swift */ = {isa = PBXFileReference; fileEncoding = 4; lastKnownFileType = sourcecode.swift; path = AddFriendController.swift; sourceTree = "<group>"; };
		7F7387501DEFBD4D00A52BFD /* ModifyController.swift */ = {isa = PBXFileReference; fileEncoding = 4; lastKnownFileType = sourcecode.swift; path = ModifyController.swift; sourceTree = "<group>"; };
		7F7499F51DE6D35100A9BEC5 /* SYKeyboardTextField.swift */ = {isa = PBXFileReference; fileEncoding = 4; lastKnownFileType = sourcecode.swift; path = SYKeyboardTextField.swift; sourceTree = "<group>"; };
		7F88B5711DED0A610042D5B5 /* AddArticleController.swift */ = {isa = PBXFileReference; fileEncoding = 4; lastKnownFileType = sourcecode.swift; path = AddArticleController.swift; sourceTree = "<group>"; };
		7F88B5731DED3EFF0042D5B5 /* UtilManager.swift */ = {isa = PBXFileReference; fileEncoding = 4; lastKnownFileType = sourcecode.swift; path = UtilManager.swift; sourceTree = "<group>"; };
		7F88B5751DED5BCB0042D5B5 /* BaseViewController.swift */ = {isa = PBXFileReference; fileEncoding = 4; lastKnownFileType = sourcecode.swift; path = BaseViewController.swift; sourceTree = "<group>"; };
		7F8CD1121DDD54CF008B3CD0 /* ChatController.swift */ = {isa = PBXFileReference; fileEncoding = 4; lastKnownFileType = sourcecode.swift; path = ChatController.swift; sourceTree = "<group>"; };
		7F9904341DC711970007B681 /* redcircle.app */ = {isa = PBXFileReference; explicitFileType = wrapper.application; includeInIndex = 0; path = redcircle.app; sourceTree = BUILT_PRODUCTS_DIR; };
		7F9904371DC711970007B681 /* AppDelegate.swift */ = {isa = PBXFileReference; lastKnownFileType = sourcecode.swift; path = AppDelegate.swift; sourceTree = "<group>"; };
		7F9904391DC711970007B681 /* ViewController.swift */ = {isa = PBXFileReference; lastKnownFileType = sourcecode.swift; path = ViewController.swift; sourceTree = "<group>"; };
		7F99043C1DC711970007B681 /* Base */ = {isa = PBXFileReference; lastKnownFileType = file.storyboard; name = Base; path = Base.lproj/Main.storyboard; sourceTree = "<group>"; };
		7F99043E1DC711970007B681 /* Assets.xcassets */ = {isa = PBXFileReference; lastKnownFileType = folder.assetcatalog; path = Assets.xcassets; sourceTree = "<group>"; };
		7F9904411DC711970007B681 /* Base */ = {isa = PBXFileReference; lastKnownFileType = file.storyboard; name = Base; path = Base.lproj/LaunchScreen.storyboard; sourceTree = "<group>"; };
		7F9904431DC711970007B681 /* Info.plist */ = {isa = PBXFileReference; lastKnownFileType = text.plist.xml; path = Info.plist; sourceTree = "<group>"; };
		7F9904491DC716EF0007B681 /* LoginController.swift */ = {isa = PBXFileReference; fileEncoding = 4; lastKnownFileType = sourcecode.swift; path = LoginController.swift; sourceTree = "<group>"; };
		7F99044B1DC735530007B681 /* redcircle-Bridging-Header.h */ = {isa = PBXFileReference; lastKnownFileType = sourcecode.c.h; path = "redcircle-Bridging-Header.h"; sourceTree = "<group>"; };
		7F9B01911DC82FF3000FB5F8 /* HomeController.swift */ = {isa = PBXFileReference; fileEncoding = 4; lastKnownFileType = sourcecode.swift; path = HomeController.swift; sourceTree = "<group>"; };
		7F9B01931DC83C9D000FB5F8 /* MeController.swift */ = {isa = PBXFileReference; fileEncoding = 4; lastKnownFileType = sourcecode.swift; path = MeController.swift; sourceTree = "<group>"; };
		7F9B01951DC83D60000FB5F8 /* BookController.swift */ = {isa = PBXFileReference; fileEncoding = 4; lastKnownFileType = sourcecode.swift; path = BookController.swift; sourceTree = "<group>"; };
		7F9B01971DC83DFB000FB5F8 /* MessageController.swift */ = {isa = PBXFileReference; fileEncoding = 4; lastKnownFileType = sourcecode.swift; path = MessageController.swift; sourceTree = "<group>"; };
		7F9B01991DC8420E000FB5F8 /* CellModel.swift */ = {isa = PBXFileReference; fileEncoding = 4; lastKnownFileType = sourcecode.swift; path = CellModel.swift; sourceTree = "<group>"; };
		7F9B019B1DC863A9000FB5F8 /* WebViewController.swift */ = {isa = PBXFileReference; fileEncoding = 4; lastKnownFileType = sourcecode.swift; path = WebViewController.swift; sourceTree = "<group>"; };
		7F9B019D1DC86705000FB5F8 /* RegisterController.swift */ = {isa = PBXFileReference; fileEncoding = 4; lastKnownFileType = sourcecode.swift; path = RegisterController.swift; sourceTree = "<group>"; };
		7F9B019F1DC871AD000FB5F8 /* FriendController.swift */ = {isa = PBXFileReference; fileEncoding = 4; lastKnownFileType = sourcecode.swift; path = FriendController.swift; sourceTree = "<group>"; };
		7FA230411DE53DE10060EE93 /* MeCircleController.swift */ = {isa = PBXFileReference; fileEncoding = 4; lastKnownFileType = sourcecode.swift; path = MeCircleController.swift; sourceTree = "<group>"; };
		7FA230431DE53FD70060EE93 /* ArticleTableViewCell.swift */ = {isa = PBXFileReference; fileEncoding = 4; lastKnownFileType = sourcecode.swift; path = ArticleTableViewCell.swift; sourceTree = "<group>"; };
		7FACCBFF1DF7A94600EB4998 /* UserNotifications.framework */ = {isa = PBXFileReference; lastKnownFileType = wrapper.framework; name = UserNotifications.framework; path = System/Library/Frameworks/UserNotifications.framework; sourceTree = SDKROOT; };
		7FACCC011DF7B14A00EB4998 /* redcircle.entitlements */ = {isa = PBXFileReference; lastKnownFileType = text.plist.entitlements; path = redcircle.entitlements; sourceTree = "<group>"; };
		7FCE42031DD1BA9000677CE9 /* UserDetailController.swift */ = {isa = PBXFileReference; fileEncoding = 4; lastKnownFileType = sourcecode.swift; path = UserDetailController.swift; sourceTree = "<group>"; };
		7FCE42051DD1BBB500677CE9 /* ModifyRelationController.swift */ = {isa = PBXFileReference; fileEncoding = 4; lastKnownFileType = sourcecode.swift; path = ModifyRelationController.swift; sourceTree = "<group>"; };
		8C44387682479EDB9B7C8820 /* Pods-redcircle.debug.xcconfig */ = {isa = PBXFileReference; includeInIndex = 1; lastKnownFileType = text.xcconfig; name = "Pods-redcircle.debug.xcconfig"; path = "Pods/Target Support Files/Pods-redcircle/Pods-redcircle.debug.xcconfig"; sourceTree = "<group>"; };
/* End PBXFileReference section */

/* Begin PBXFrameworksBuildPhase section */
		7F9904311DC711970007B681 /* Frameworks */ = {
			isa = PBXFrameworksBuildPhase;
			buildActionMask = 2147483647;
			files = (
				7FACCC001DF7A94600EB4998 /* UserNotifications.framework in Frameworks */,
				7ACECE499E9D34B970D1D3B0 /* Pods_redcircle.framework in Frameworks */,
			);
			runOnlyForDeploymentPostprocessing = 0;
		};
/* End PBXFrameworksBuildPhase section */

/* Begin PBXGroup section */
		7C46A2A27B7480170B95202B /* Pods */ = {
			isa = PBXGroup;
			children = (
				8C44387682479EDB9B7C8820 /* Pods-redcircle.debug.xcconfig */,
				7A0F069C3D86662175E61EEB /* Pods-redcircle.release.xcconfig */,
			);
			name = Pods;
			sourceTree = "<group>";
		};
		7F2163FF1DF9081E006A4D83 /* doc */ = {
			isa = PBXGroup;
			children = (
				7F2164041DF908B3006A4D83 /* readme.strings */,
				7F2164031DF90899006A4D83 /* 红圈开发推送证书.p12 */,
				7F2164021DF90894006A4D83 /* 红圈生产推送证书.p12 */,
				7F2164011DF9088C006A4D83 /* 红圈生产证书.p12 */,
				7F2164001DF90846006A4D83 /* 红圈开发证书.p12 */,
			);
			name = doc;
			sourceTree = "<group>";
		};
		7F44E2451DC9CB8600D2313C /* view */ = {
			isa = PBXGroup;
			children = (
				7F44E2461DC9CBB300D2313C /* BookTableViewCell.swift */,
				7FA230431DE53FD70060EE93 /* ArticleTableViewCell.swift */,
			);
			name = view;
			sourceTree = "<group>";
		};
		7F7499EF1DE6D1B100A9BEC5 /* util */ = {
			isa = PBXGroup;
			children = (
				7F7499F01DE6D1C700A9BEC5 /* SYKeyboardTextField */,
				7F88B5731DED3EFF0042D5B5 /* UtilManager.swift */,
			);
			name = util;
			sourceTree = "<group>";
		};
		7F7499F01DE6D1C700A9BEC5 /* SYKeyboardTextField */ = {
			isa = PBXGroup;
			children = (
				7F7499F51DE6D35100A9BEC5 /* SYKeyboardTextField.swift */,
			);
			path = SYKeyboardTextField;
			sourceTree = "<group>";
		};
		7F99042B1DC711970007B681 = {
			isa = PBXGroup;
			children = (
				7F9904361DC711970007B681 /* redcircle */,
				7F9904351DC711970007B681 /* Products */,
				7C46A2A27B7480170B95202B /* Pods */,
				A2E5309D03F3AEDD54C6D759 /* Frameworks */,
			);
			sourceTree = "<group>";
		};
		7F9904351DC711970007B681 /* Products */ = {
			isa = PBXGroup;
			children = (
				7F9904341DC711970007B681 /* redcircle.app */,
			);
			name = Products;
			sourceTree = "<group>";
		};
		7F9904361DC711970007B681 /* redcircle */ = {
			isa = PBXGroup;
			children = (
				7F2163FF1DF9081E006A4D83 /* doc */,
				7FACCC011DF7B14A00EB4998 /* redcircle.entitlements */,
				7F7499EF1DE6D1B100A9BEC5 /* util */,
				7F44E2451DC9CB8600D2313C /* view */,
				7F99044B1DC735530007B681 /* redcircle-Bridging-Header.h */,
				7F9904491DC716EF0007B681 /* LoginController.swift */,
				7F9904371DC711970007B681 /* AppDelegate.swift */,
				7F9904391DC711970007B681 /* ViewController.swift */,
				7F99043B1DC711970007B681 /* Main.storyboard */,
				7F99043E1DC711970007B681 /* Assets.xcassets */,
				7F9904401DC711970007B681 /* LaunchScreen.storyboard */,
				7F9904431DC711970007B681 /* Info.plist */,
				7F9B01911DC82FF3000FB5F8 /* HomeController.swift */,
				7F9B01931DC83C9D000FB5F8 /* MeController.swift */,
				7F9B01951DC83D60000FB5F8 /* BookController.swift */,
				7F9B01971DC83DFB000FB5F8 /* MessageController.swift */,
				7F9B01991DC8420E000FB5F8 /* CellModel.swift */,
				7F9B019B1DC863A9000FB5F8 /* WebViewController.swift */,
				7F9B019D1DC86705000FB5F8 /* RegisterController.swift */,
				7F9B019F1DC871AD000FB5F8 /* FriendController.swift */,
				7FCE42031DD1BA9000677CE9 /* UserDetailController.swift */,
				7FCE42051DD1BBB500677CE9 /* ModifyRelationController.swift */,
				7F8CD1121DDD54CF008B3CD0 /* ChatController.swift */,
				7FA230411DE53DE10060EE93 /* MeCircleController.swift */,
				7F88B5711DED0A610042D5B5 /* AddArticleController.swift */,
				7F88B5751DED5BCB0042D5B5 /* BaseViewController.swift */,
				7F7387501DEFBD4D00A52BFD /* ModifyController.swift */,
				7F47EBD31DF6BAD300964E3D /* AddFriendController.swift */,
			);
			path = redcircle;
			sourceTree = "<group>";
		};
		A2E5309D03F3AEDD54C6D759 /* Frameworks */ = {
			isa = PBXGroup;
			children = (
				7FACCBFF1DF7A94600EB4998 /* UserNotifications.framework */,
				45AEEB2A166B33778D4E1836 /* Pods_redcircle.framework */,
			);
			name = Frameworks;
			sourceTree = "<group>";
		};
/* End PBXGroup section */

/* Begin PBXNativeTarget section */
		7F9904331DC711970007B681 /* redcircle */ = {
			isa = PBXNativeTarget;
			buildConfigurationList = 7F9904461DC711970007B681 /* Build configuration list for PBXNativeTarget "redcircle" */;
			buildPhases = (
				092536173F865EA3AFB20355 /* [CP] Check Pods Manifest.lock */,
				7F9904301DC711970007B681 /* Sources */,
				7F9904311DC711970007B681 /* Frameworks */,
				7F9904321DC711970007B681 /* Resources */,
				58C9E4B6F27475C3237F3DE7 /* [CP] Embed Pods Frameworks */,
				1EF569BCFA764127A4D0A2DB /* [CP] Copy Pods Resources */,
			);
			buildRules = (
			);
			dependencies = (
			);
			name = redcircle;
			productName = redcircle;
			productReference = 7F9904341DC711970007B681 /* redcircle.app */;
			productType = "com.apple.product-type.application";
		};
/* End PBXNativeTarget section */

/* Begin PBXProject section */
		7F99042C1DC711970007B681 /* Project object */ = {
			isa = PBXProject;
			attributes = {
				LastSwiftUpdateCheck = 0800;
				LastUpgradeCheck = 0800;
				ORGANIZATIONNAME = zhan;
				TargetAttributes = {
					7F9904331DC711970007B681 = {
						CreatedOnToolsVersion = 8.0;
						DevelopmentTeam = 8PWWXHNFJ7;
						ProvisioningStyle = Manual;
						SystemCapabilities = {
							com.apple.Push = {
								enabled = 1;
							};
						};
					};
				};
			};
			buildConfigurationList = 7F99042F1DC711970007B681 /* Build configuration list for PBXProject "redcircle" */;
			compatibilityVersion = "Xcode 3.2";
			developmentRegion = English;
			hasScannedForEncodings = 0;
			knownRegions = (
				en,
				Base,
			);
			mainGroup = 7F99042B1DC711970007B681;
			productRefGroup = 7F9904351DC711970007B681 /* Products */;
			projectDirPath = "";
			projectRoot = "";
			targets = (
				7F9904331DC711970007B681 /* redcircle */,
			);
		};
/* End PBXProject section */

/* Begin PBXResourcesBuildPhase section */
		7F9904321DC711970007B681 /* Resources */ = {
			isa = PBXResourcesBuildPhase;
			buildActionMask = 2147483647;
			files = (
				7F9904421DC711970007B681 /* LaunchScreen.storyboard in Resources */,
				7F99043F1DC711970007B681 /* Assets.xcassets in Resources */,
				7F99043D1DC711970007B681 /* Main.storyboard in Resources */,
			);
			runOnlyForDeploymentPostprocessing = 0;
		};
/* End PBXResourcesBuildPhase section */

/* Begin PBXShellScriptBuildPhase section */
		092536173F865EA3AFB20355 /* [CP] Check Pods Manifest.lock */ = {
			isa = PBXShellScriptBuildPhase;
			buildActionMask = 2147483647;
			files = (
			);
			inputPaths = (
			);
			name = "[CP] Check Pods Manifest.lock";
			outputPaths = (
			);
			runOnlyForDeploymentPostprocessing = 0;
			shellPath = /bin/sh;
			shellScript = "diff \"${PODS_ROOT}/../Podfile.lock\" \"${PODS_ROOT}/Manifest.lock\" > /dev/null\nif [ $? != 0 ] ; then\n    # print error to STDERR\n    echo \"error: The sandbox is not in sync with the Podfile.lock. Run 'pod install' or update your CocoaPods installation.\" >&2\n    exit 1\nfi\n";
			showEnvVarsInLog = 0;
		};
		1EF569BCFA764127A4D0A2DB /* [CP] Copy Pods Resources */ = {
			isa = PBXShellScriptBuildPhase;
			buildActionMask = 2147483647;
			files = (
			);
			inputPaths = (
			);
			name = "[CP] Copy Pods Resources";
			outputPaths = (
			);
			runOnlyForDeploymentPostprocessing = 0;
			shellPath = /bin/sh;
			shellScript = "\"${SRCROOT}/Pods/Target Support Files/Pods-redcircle/Pods-redcircle-resources.sh\"\n";
			showEnvVarsInLog = 0;
		};
		58C9E4B6F27475C3237F3DE7 /* [CP] Embed Pods Frameworks */ = {
			isa = PBXShellScriptBuildPhase;
			buildActionMask = 2147483647;
			files = (
			);
			inputPaths = (
			);
			name = "[CP] Embed Pods Frameworks";
			outputPaths = (
			);
			runOnlyForDeploymentPostprocessing = 0;
			shellPath = /bin/sh;
			shellScript = "\"${SRCROOT}/Pods/Target Support Files/Pods-redcircle/Pods-redcircle-frameworks.sh\"\n";
			showEnvVarsInLog = 0;
		};
/* End PBXShellScriptBuildPhase section */

/* Begin PBXSourcesBuildPhase section */
		7F9904301DC711970007B681 /* Sources */ = {
			isa = PBXSourcesBuildPhase;
			buildActionMask = 2147483647;
			files = (
				7F9B019E1DC86705000FB5F8 /* RegisterController.swift in Sources */,
				7F88B5721DED0A610042D5B5 /* AddArticleController.swift in Sources */,
				7F9B01961DC83D60000FB5F8 /* BookController.swift in Sources */,
				7F9B019C1DC863A9000FB5F8 /* WebViewController.swift in Sources */,
				7F9B01921DC82FF3000FB5F8 /* HomeController.swift in Sources */,
				7F88B5761DED5BCB0042D5B5 /* BaseViewController.swift in Sources */,
				7F44E2471DC9CBB300D2313C /* BookTableViewCell.swift in Sources */,
				7F9B01981DC83DFB000FB5F8 /* MessageController.swift in Sources */,
				7FCE42041DD1BA9000677CE9 /* UserDetailController.swift in Sources */,
				7F7387511DEFBD4D00A52BFD /* ModifyController.swift in Sources */,
				7F9B019A1DC8420E000FB5F8 /* CellModel.swift in Sources */,
				7F7499F61DE6D35100A9BEC5 /* SYKeyboardTextField.swift in Sources */,
				7F8CD1131DDD54CF008B3CD0 /* ChatController.swift in Sources */,
				7F99043A1DC711970007B681 /* ViewController.swift in Sources */,
				7FA230441DE53FD70060EE93 /* ArticleTableViewCell.swift in Sources */,
				7FCE42061DD1BBB500677CE9 /* ModifyRelationController.swift in Sources */,
				7FA230421DE53DE10060EE93 /* MeCircleController.swift in Sources */,
				7F99044A1DC716EF0007B681 /* LoginController.swift in Sources */,
				7F9B01A01DC871AD000FB5F8 /* FriendController.swift in Sources */,
				7F88B5741DED3EFF0042D5B5 /* UtilManager.swift in Sources */,
				7F9904381DC711970007B681 /* AppDelegate.swift in Sources */,
				7F47EBD41DF6BAD300964E3D /* AddFriendController.swift in Sources */,
				7F9B01941DC83C9D000FB5F8 /* MeController.swift in Sources */,
			);
			runOnlyForDeploymentPostprocessing = 0;
		};
/* End PBXSourcesBuildPhase section */

/* Begin PBXVariantGroup section */
		7F99043B1DC711970007B681 /* Main.storyboard */ = {
			isa = PBXVariantGroup;
			children = (
				7F99043C1DC711970007B681 /* Base */,
			);
			name = Main.storyboard;
			sourceTree = "<group>";
		};
		7F9904401DC711970007B681 /* LaunchScreen.storyboard */ = {
			isa = PBXVariantGroup;
			children = (
				7F9904411DC711970007B681 /* Base */,
			);
			name = LaunchScreen.storyboard;
			sourceTree = "<group>";
		};
/* End PBXVariantGroup section */

/* Begin XCBuildConfiguration section */
		7F9904441DC711970007B681 /* Debug */ = {
			isa = XCBuildConfiguration;
			buildSettings = {
				ALWAYS_SEARCH_USER_PATHS = NO;
				CLANG_ANALYZER_NONNULL = YES;
				CLANG_CXX_LANGUAGE_STANDARD = "gnu++0x";
				CLANG_CXX_LIBRARY = "libc++";
				CLANG_ENABLE_MODULES = YES;
				CLANG_ENABLE_OBJC_ARC = YES;
				CLANG_WARN_BOOL_CONVERSION = YES;
				CLANG_WARN_CONSTANT_CONVERSION = YES;
				CLANG_WARN_DIRECT_OBJC_ISA_USAGE = YES_ERROR;
				CLANG_WARN_DOCUMENTATION_COMMENTS = YES;
				CLANG_WARN_EMPTY_BODY = YES;
				CLANG_WARN_ENUM_CONVERSION = YES;
				CLANG_WARN_INFINITE_RECURSION = YES;
				CLANG_WARN_INT_CONVERSION = YES;
				CLANG_WARN_OBJC_ROOT_CLASS = YES_ERROR;
				CLANG_WARN_SUSPICIOUS_MOVE = YES;
				CLANG_WARN_SUSPICIOUS_MOVES = YES;
				CLANG_WARN_UNREACHABLE_CODE = YES;
				CLANG_WARN__DUPLICATE_METHOD_MATCH = YES;
				"CODE_SIGN_IDENTITY[sdk=iphoneos*]" = "iPhone Developer";
				COPY_PHASE_STRIP = NO;
				DEBUG_INFORMATION_FORMAT = dwarf;
				ENABLE_STRICT_OBJC_MSGSEND = YES;
				ENABLE_TESTABILITY = YES;
				GCC_C_LANGUAGE_STANDARD = gnu99;
				GCC_DYNAMIC_NO_PIC = NO;
				GCC_NO_COMMON_BLOCKS = YES;
				GCC_OPTIMIZATION_LEVEL = 0;
				GCC_PREPROCESSOR_DEFINITIONS = (
					"DEBUG=1",
					"$(inherited)",
				);
				GCC_WARN_64_TO_32_BIT_CONVERSION = YES;
				GCC_WARN_ABOUT_RETURN_TYPE = YES_ERROR;
				GCC_WARN_UNDECLARED_SELECTOR = YES;
				GCC_WARN_UNINITIALIZED_AUTOS = YES_AGGRESSIVE;
				GCC_WARN_UNUSED_FUNCTION = YES;
				GCC_WARN_UNUSED_VARIABLE = YES;
				IPHONEOS_DEPLOYMENT_TARGET = 10.0;
				MTL_ENABLE_DEBUG_INFO = YES;
				ONLY_ACTIVE_ARCH = YES;
				SDKROOT = iphoneos;
				SWIFT_ACTIVE_COMPILATION_CONDITIONS = DEBUG;
				SWIFT_OPTIMIZATION_LEVEL = "-Onone";
				TARGETED_DEVICE_FAMILY = "1,2";
			};
			name = Debug;
		};
		7F9904451DC711970007B681 /* Release */ = {
			isa = XCBuildConfiguration;
			buildSettings = {
				ALWAYS_SEARCH_USER_PATHS = NO;
				CLANG_ANALYZER_NONNULL = YES;
				CLANG_CXX_LANGUAGE_STANDARD = "gnu++0x";
				CLANG_CXX_LIBRARY = "libc++";
				CLANG_ENABLE_MODULES = YES;
				CLANG_ENABLE_OBJC_ARC = YES;
				CLANG_WARN_BOOL_CONVERSION = YES;
				CLANG_WARN_CONSTANT_CONVERSION = YES;
				CLANG_WARN_DIRECT_OBJC_ISA_USAGE = YES_ERROR;
				CLANG_WARN_DOCUMENTATION_COMMENTS = YES;
				CLANG_WARN_EMPTY_BODY = YES;
				CLANG_WARN_ENUM_CONVERSION = YES;
				CLANG_WARN_INFINITE_RECURSION = YES;
				CLANG_WARN_INT_CONVERSION = YES;
				CLANG_WARN_OBJC_ROOT_CLASS = YES_ERROR;
				CLANG_WARN_SUSPICIOUS_MOVE = YES;
				CLANG_WARN_SUSPICIOUS_MOVES = YES;
				CLANG_WARN_UNREACHABLE_CODE = YES;
				CLANG_WARN__DUPLICATE_METHOD_MATCH = YES;
				"CODE_SIGN_IDENTITY[sdk=iphoneos*]" = "iPhone Developer";
				COPY_PHASE_STRIP = NO;
				DEBUG_INFORMATION_FORMAT = "dwarf-with-dsym";
				ENABLE_NS_ASSERTIONS = NO;
				ENABLE_STRICT_OBJC_MSGSEND = YES;
				GCC_C_LANGUAGE_STANDARD = gnu99;
				GCC_NO_COMMON_BLOCKS = YES;
				GCC_WARN_64_TO_32_BIT_CONVERSION = YES;
				GCC_WARN_ABOUT_RETURN_TYPE = YES_ERROR;
				GCC_WARN_UNDECLARED_SELECTOR = YES;
				GCC_WARN_UNINITIALIZED_AUTOS = YES_AGGRESSIVE;
				GCC_WARN_UNUSED_FUNCTION = YES;
				GCC_WARN_UNUSED_VARIABLE = YES;
				IPHONEOS_DEPLOYMENT_TARGET = 10.0;
				MTL_ENABLE_DEBUG_INFO = NO;
				SDKROOT = iphoneos;
				SWIFT_OPTIMIZATION_LEVEL = "-Owholemodule";
				TARGETED_DEVICE_FAMILY = "1,2";
				VALIDATE_PRODUCT = YES;
			};
			name = Release;
		};
		7F9904471DC711970007B681 /* Debug */ = {
			isa = XCBuildConfiguration;
			baseConfigurationReference = 8C44387682479EDB9B7C8820 /* Pods-redcircle.debug.xcconfig */;
			buildSettings = {
				ALWAYS_EMBED_SWIFT_STANDARD_LIBRARIES = YES;
				ASSETCATALOG_COMPILER_APPICON_NAME = AppIcon;
				CODE_SIGN_ENTITLEMENTS = redcircle/redcircle.entitlements;
				"CODE_SIGN_IDENTITY[sdk=iphoneos*]" = "iPhone Developer";
				DEVELOPMENT_TEAM = 8PWWXHNFJ7;
				INFOPLIST_FILE = redcircle/Info.plist;
				IPHONEOS_DEPLOYMENT_TARGET = 9.0;
				LD_RUNPATH_SEARCH_PATHS = "$(inherited) @executable_path/Frameworks";
				PRODUCT_BUNDLE_IDENTIFIER = com.cloud.redcircle;
				PRODUCT_NAME = "$(TARGET_NAME)";
				PROVISIONING_PROFILE = "35757aec-4fd1-44b7-8ad5-78517e6db100";
				PROVISIONING_PROFILE_SPECIFIER = redcircle_dev3;
				SWIFT_OBJC_BRIDGING_HEADER = "redcircle/redcircle-Bridging-Header.h";
				SWIFT_VERSION = 3.0;
			};
			name = Debug;
		};
		7F9904481DC711970007B681 /* Release */ = {
			isa = XCBuildConfiguration;
			baseConfigurationReference = 7A0F069C3D86662175E61EEB /* Pods-redcircle.release.xcconfig */;
			buildSettings = {
				ALWAYS_EMBED_SWIFT_STANDARD_LIBRARIES = YES;
				ASSETCATALOG_COMPILER_APPICON_NAME = AppIcon;
				CODE_SIGN_ENTITLEMENTS = redcircle/redcircle.entitlements;
				"CODE_SIGN_IDENTITY[sdk=iphoneos*]" = "iPhone Distribution";
				DEVELOPMENT_TEAM = 8PWWXHNFJ7;
				INFOPLIST_FILE = redcircle/Info.plist;
				IPHONEOS_DEPLOYMENT_TARGET = 9.0;
				LD_RUNPATH_SEARCH_PATHS = "$(inherited) @executable_path/Frameworks";
				PRODUCT_BUNDLE_IDENTIFIER = com.cloud.redcircle;
				PRODUCT_NAME = "$(TARGET_NAME)";
				PROVISIONING_PROFILE = "18606a57-81fc-4af1-a1f5-59707bd8ca93";
				PROVISIONING_PROFILE_SPECIFIER = redcircle_pro;
				SWIFT_OBJC_BRIDGING_HEADER = "redcircle/redcircle-Bridging-Header.h";
				SWIFT_VERSION = 3.0;
			};
			name = Release;
		};
/* End XCBuildConfiguration section */

/* Begin XCConfigurationList section */
		7F99042F1DC711970007B681 /* Build configuration list for PBXProject "redcircle" */ = {
			isa = XCConfigurationList;
			buildConfigurations = (
				7F9904441DC711970007B681 /* Debug */,
				7F9904451DC711970007B681 /* Release */,
			);
			defaultConfigurationIsVisible = 0;
			defaultConfigurationName = Release;
		};
		7F9904461DC711970007B681 /* Build configuration list for PBXNativeTarget "redcircle" */ = {
			isa = XCConfigurationList;
			buildConfigurations = (
				7F9904471DC711970007B681 /* Debug */,
				7F9904481DC711970007B681 /* Release */,
			);
			defaultConfigurationIsVisible = 0;
			defaultConfigurationName = Release;
		};
/* End XCConfigurationList section */
	};
	rootObject = 7F99042C1DC711970007B681 /* Project object */;
}
